
Microsoft Visual Studio Solution File, Format Version 12.00
# Visual Studio Version 16
VisualStudioVersion = 16.0.31729.503
MinimumVisualStudioVersion = 10.0.40219.1
Project("{FAE04EC0-301F-11D3-BF4B-00C04F79EFBC}") = "DevCard_Mvc", "DevCard_Mvc\DevCard_Mvc.csproj", "{39E130B6-5FF3-4AE4-97CE-97C8AB4CAB4D}"
EndProject
Global
	GlobalSection(SolutionConfigurationPlatforms) = preSolution
		Debug|Any CPU = Debug|Any CPU
		Release|Any CPU = Release|Any CPU
	EndGlobalSection
	GlobalSection(ProjectConfigurationPlatforms) = postSolution
		{39E130B6-5FF3-4AE4-97CE-97C8AB4CAB4D}.Debug|Any CPU.ActiveCfg = Debug|Any CPU
		{39E130B6-5FF3-4AE4-97CE-97C8AB4CAB4D}.Debug|Any CPU.Build.0 = Debug|Any CPU
		{39E130B6-5FF3-4AE4-97CE-97C8AB4CAB4D}.Release|Any CPU.ActiveCfg = Release|Any CPU
		{39E130B6-5FF3-4AE4-97CE-97C8AB4CAB4D}.Release|Any CPU.Build.0 = Release|Any CPU
	EndGlobalSection
	GlobalSection(SolutionProperties) = preSolution
		HideSolutionNode = FALSE
	EndGlobalSection
	GlobalSection(ExtensibilityGlobals) = postSolution
		SolutionGuid = {7EC66AA3-F7D2-4572-B34C-1EB8E6E1081F}
	EndGlobalSection
EndGlobal
